
Microsoft Visual Studio Solution File, Format Version 12.00
# Visual Studio Version 17
VisualStudioVersion = 17.9.34622.214
MinimumVisualStudioVersion = 10.0.40219.1
Project("{FAE04EC0-301F-11D3-BF4B-00C04F79EFBC}") = "AppBilbliotecaWeb", "AppBilbliotecaWeb.csproj", "{CBCD4EB9-CFDD-482A-9A8E-D8A841FF0D27}"
EndProject
Global
	GlobalSection(SolutionConfigurationPlatforms) = preSolution
		Debug|Any CPU = Debug|Any CPU
		Release|Any CPU = Release|Any CPU
	EndGlobalSection
	GlobalSection(ProjectConfigurationPlatforms) = postSolution
		{CBCD4EB9-CFDD-482A-9A8E-D8A841FF0D27}.Debug|Any CPU.ActiveCfg = Debug|Any CPU
		{CBCD4EB9-CFDD-482A-9A8E-D8A841FF0D27}.Debug|Any CPU.Build.0 = Debug|Any CPU
		{CBCD4EB9-CFDD-482A-9A8E-D8A841FF0D27}.Release|Any CPU.ActiveCfg = Release|Any CPU
		{CBCD4EB9-CFDD-482A-9A8E-D8A841FF0D27}.Release|Any CPU.Build.0 = Release|Any CPU
	EndGlobalSection
	GlobalSection(SolutionProperties) = preSolution
		HideSolutionNode = FALSE
	EndGlobalSection
	GlobalSection(ExtensibilityGlobals) = postSolution
		SolutionGuid = {871E7272-8E7A-4D9B-9A62-3D28BC26DC74}
	EndGlobalSection
EndGlobal
