
Microsoft Visual Studio Solution File, Format Version 12.00
# Visual Studio Version 17
VisualStudioVersion = 17.9.34728.123
MinimumVisualStudioVersion = 10.0.40219.1
Project("{FAE04EC0-301F-11D3-BF4B-00C04F79EFBC}") = "WebHotelBeach", "WebHotelBeach\WebHotelBeach.csproj", "{A78C7525-5EEE-41FF-9765-7A635E154698}"
EndProject
Global
	GlobalSection(SolutionConfigurationPlatforms) = preSolution
		Debug|Any CPU = Debug|Any CPU
		Release|Any CPU = Release|Any CPU
	EndGlobalSection
	GlobalSection(ProjectConfigurationPlatforms) = postSolution
		{A78C7525-5EEE-41FF-9765-7A635E154698}.Debug|Any CPU.ActiveCfg = Debug|Any CPU
		{A78C7525-5EEE-41FF-9765-7A635E154698}.Debug|Any CPU.Build.0 = Debug|Any CPU
		{A78C7525-5EEE-41FF-9765-7A635E154698}.Release|Any CPU.ActiveCfg = Release|Any CPU
		{A78C7525-5EEE-41FF-9765-7A635E154698}.Release|Any CPU.Build.0 = Release|Any CPU
	EndGlobalSection
	GlobalSection(SolutionProperties) = preSolution
		HideSolutionNode = FALSE
	EndGlobalSection
	GlobalSection(ExtensibilityGlobals) = postSolution
		SolutionGuid = {A5856C27-9BF2-40BB-AB58-0A95FF4B0041}
	EndGlobalSection
EndGlobal
