
Microsoft Visual Studio Solution File, Format Version 12.00
# Visual Studio Version 17
VisualStudioVersion = 17.9.34728.123
MinimumVisualStudioVersion = 10.0.40219.1
Project("{FAE04EC0-301F-11D3-BF4B-00C04F79EFBC}") = "AppBiliotecaWebPI", "AppBiliotecaWebPI.csproj", "{E2095AF7-ADF8-4037-9FE7-A31D4308518A}"
EndProject
Global
	GlobalSection(SolutionConfigurationPlatforms) = preSolution
		Debug|Any CPU = Debug|Any CPU
		Release|Any CPU = Release|Any CPU
	EndGlobalSection
	GlobalSection(ProjectConfigurationPlatforms) = postSolution
		{E2095AF7-ADF8-4037-9FE7-A31D4308518A}.Debug|Any CPU.ActiveCfg = Debug|Any CPU
		{E2095AF7-ADF8-4037-9FE7-A31D4308518A}.Debug|Any CPU.Build.0 = Debug|Any CPU
		{E2095AF7-ADF8-4037-9FE7-A31D4308518A}.Release|Any CPU.ActiveCfg = Release|Any CPU
		{E2095AF7-ADF8-4037-9FE7-A31D4308518A}.Release|Any CPU.Build.0 = Release|Any CPU
	EndGlobalSection
	GlobalSection(SolutionProperties) = preSolution
		HideSolutionNode = FALSE
	EndGlobalSection
	GlobalSection(ExtensibilityGlobals) = postSolution
		SolutionGuid = {2FE7D44C-B9B8-4FF4-9E1B-25D571A9AA36}
	EndGlobalSection
EndGlobal
