
Microsoft Visual Studio Solution File, Format Version 12.00
# Visual Studio Version 17
VisualStudioVersion = 17.9.34701.34
MinimumVisualStudioVersion = 10.0.40219.1
Project("{FAE04EC0-301F-11D3-BF4B-00C04F79EFBC}") = "Examen_1_B43383", "Examen_1_B43383\Examen_1_B43383.csproj", "{E3D52D63-AA53-4BAD-B7FF-8BAF263550D8}"
EndProject
Global
	GlobalSection(SolutionConfigurationPlatforms) = preSolution
		Debug|Any CPU = Debug|Any CPU
		Release|Any CPU = Release|Any CPU
	EndGlobalSection
	GlobalSection(ProjectConfigurationPlatforms) = postSolution
		{E3D52D63-AA53-4BAD-B7FF-8BAF263550D8}.Debug|Any CPU.ActiveCfg = Debug|Any CPU
		{E3D52D63-AA53-4BAD-B7FF-8BAF263550D8}.Debug|Any CPU.Build.0 = Debug|Any CPU
		{E3D52D63-AA53-4BAD-B7FF-8BAF263550D8}.Release|Any CPU.ActiveCfg = Release|Any CPU
		{E3D52D63-AA53-4BAD-B7FF-8BAF263550D8}.Release|Any CPU.Build.0 = Release|Any CPU
	EndGlobalSection
	GlobalSection(SolutionProperties) = preSolution
		HideSolutionNode = FALSE
	EndGlobalSection
	GlobalSection(ExtensibilityGlobals) = postSolution
		SolutionGuid = {0317A9DA-9264-4F38-A36B-3A5E3840065B}
	EndGlobalSection
EndGlobal
